
Microsoft Visual Studio Solution File, Format Version 12.00
# Visual Studio Version 16
VisualStudioVersion = 16.0.30413.136
MinimumVisualStudioVersion = 10.0.40219.1
Project("{FAE04EC0-301F-11D3-BF4B-00C04F79EFBC}") = "Lottery_Generator", "Lottery_Generator\Lottery_Generator.csproj", "{9199FCCB-E7DF-41F7-9C04-2A88E260BE8A}"
EndProject
Global
	GlobalSection(SolutionConfigurationPlatforms) = preSolution
		Debug|Any CPU = Debug|Any CPU
		Release|Any CPU = Release|Any CPU
	EndGlobalSection
	GlobalSection(ProjectConfigurationPlatforms) = postSolution
		{9199FCCB-E7DF-41F7-9C04-2A88E260BE8A}.Debug|Any CPU.ActiveCfg = Debug|Any CPU
		{9199FCCB-E7DF-41F7-9C04-2A88E260BE8A}.Debug|Any CPU.Build.0 = Debug|Any CPU
		{9199FCCB-E7DF-41F7-9C04-2A88E260BE8A}.Release|Any CPU.ActiveCfg = Release|Any CPU
		{9199FCCB-E7DF-41F7-9C04-2A88E260BE8A}.Release|Any CPU.Build.0 = Release|Any CPU
	EndGlobalSection
	GlobalSection(SolutionProperties) = preSolution
		HideSolutionNode = FALSE
	EndGlobalSection
	GlobalSection(ExtensibilityGlobals) = postSolution
		SolutionGuid = {3AA7421F-100B-44DB-832D-9FDCC652CFFD}
	EndGlobalSection
EndGlobal
