
Microsoft Visual Studio Solution File, Format Version 12.00
# Visual Studio Version 16
VisualStudioVersion = 16.0.30413.136
MinimumVisualStudioVersion = 10.0.40219.1
Project("{9A19103F-16F7-4668-BE54-9A1E7A4F7556}") = "The_Harbour_Console_App", "The_Harbour_Console_App\The_Harbour_Console_App.csproj", "{6B878BAE-A0E0-4BDA-8640-38A8989982DE}"
EndProject
Global
	GlobalSection(SolutionConfigurationPlatforms) = preSolution
		Debug|Any CPU = Debug|Any CPU
		Release|Any CPU = Release|Any CPU
	EndGlobalSection
	GlobalSection(ProjectConfigurationPlatforms) = postSolution
		{6B878BAE-A0E0-4BDA-8640-38A8989982DE}.Debug|Any CPU.ActiveCfg = Debug|Any CPU
		{6B878BAE-A0E0-4BDA-8640-38A8989982DE}.Debug|Any CPU.Build.0 = Debug|Any CPU
		{6B878BAE-A0E0-4BDA-8640-38A8989982DE}.Release|Any CPU.ActiveCfg = Release|Any CPU
		{6B878BAE-A0E0-4BDA-8640-38A8989982DE}.Release|Any CPU.Build.0 = Release|Any CPU
	EndGlobalSection
	GlobalSection(SolutionProperties) = preSolution
		HideSolutionNode = FALSE
	EndGlobalSection
	GlobalSection(ExtensibilityGlobals) = postSolution
		SolutionGuid = {E8D85CA2-A286-4062-B29D-D8F1D398D07A}
	EndGlobalSection
EndGlobal
