
Microsoft Visual Studio Solution File, Format Version 12.00
# Visual Studio Version 16
VisualStudioVersion = 16.0.30413.136
MinimumVisualStudioVersion = 10.0.40219.1
Project("{FAE04EC0-301F-11D3-BF4B-00C04F79EFBC}") = "Thief_And_Police", "Thief_and_Police\Thief_And_Police.csproj", "{193E3F15-50BA-4757-8598-FB1F47579D21}"
EndProject
Global
	GlobalSection(SolutionConfigurationPlatforms) = preSolution
		Debug|Any CPU = Debug|Any CPU
		Release|Any CPU = Release|Any CPU
	EndGlobalSection
	GlobalSection(ProjectConfigurationPlatforms) = postSolution
		{193E3F15-50BA-4757-8598-FB1F47579D21}.Debug|Any CPU.ActiveCfg = Debug|Any CPU
		{193E3F15-50BA-4757-8598-FB1F47579D21}.Debug|Any CPU.Build.0 = Debug|Any CPU
		{193E3F15-50BA-4757-8598-FB1F47579D21}.Release|Any CPU.ActiveCfg = Release|Any CPU
		{193E3F15-50BA-4757-8598-FB1F47579D21}.Release|Any CPU.Build.0 = Release|Any CPU
	EndGlobalSection
	GlobalSection(SolutionProperties) = preSolution
		HideSolutionNode = FALSE
	EndGlobalSection
	GlobalSection(ExtensibilityGlobals) = postSolution
		SolutionGuid = {3681BE93-4244-4932-B7B9-0331FD4487C8}
	EndGlobalSection
EndGlobal
